PODS:
  - JSQSystemSoundPlayer (2.0.1)
  - OCMock (3.2.2)
  - Socket.IO-Client-Swift (5.4.1)

DEPENDENCIES:
  - JSQSystemSoundPlayer (~> 2.0)
  - OCMock
  - Socket.IO-Client-Swift (~> 5.4.1)

SPEC CHECKSUMS:
  JSQSystemSoundPlayer: c5850e77a4363ffd374cd851154b9af93264ed8d
  OCMock: 18c9b7e67d4c2770e95bb77a9cc1ae0c91fe3835
  Socket.IO-Client-Swift: ad65f1437dd97c4ac01e2e506386fafc3de2ece1

COCOAPODS: 0.39.0
